{
  "pins" : [
    {
      "identity" : "generative-ai-swift",
      "kind" : "remoteSourceControl",
      "location" : "git@github.com:google/generative-ai-swift.git",
      "state" : {
        "revision" : "ea39d69cb14cdb40c5c4bbe3732478b96a9737bc",
        "version" : "0.4.2"
      }
    }
  ],
  "version" : 2
}
